
Microsoft Visual Studio Solution File, Format Version 12.00
# Visual Studio Version 16
VisualStudioVersion = 16.0.31624.102
MinimumVisualStudioVersion = 10.0.40219.1
Project("{2150E333-8FDC-42A3-9474-1A3956D46DE8}") = "Application", "Application", "{3E5A5BEC-8D1C-494A-B870-E6AF519CD52B}"
EndProject
Project("{2150E333-8FDC-42A3-9474-1A3956D46DE8}") = "Domain", "Domain", "{18A026D7-8F1C-4EC9-B720-37FE0EAE7F3D}"
EndProject
Project("{2150E333-8FDC-42A3-9474-1A3956D46DE8}") = "Infrastructure.Ioc", "Infrastructure.Ioc", "{D04BFA7A-1A86-40AF-8990-787A5F0FAA6F}"
EndProject
Project("{2150E333-8FDC-42A3-9474-1A3956D46DE8}") = "Infrastructure.Data", "Infrastructure.Data", "{F9C53CBA-A234-4786-A75E-97972E7427AD}"
EndProject
Project("{2150E333-8FDC-42A3-9474-1A3956D46DE8}") = "Presentation", "Presentation", "{9B6C5F62-314C-48F6-BBAE-C6C47EEA7815}"
EndProject
Project("{FAE04EC0-301F-11D3-BF4B-00C04F79EFBC}") = "CleanArch.Presentation.Mvc", "CleanArch.Mvc\CleanArch.Presentation.Mvc.csproj", "{C7685993-13A5-4947-A681-EEDCDBAB7DE5}"
EndProject
Project("{FAE04EC0-301F-11D3-BF4B-00C04F79EFBC}") = "CleanArch.Domain", "CleanArch.Domain\CleanArch.Domain.csproj", "{FAED7F0B-4252-428A-8FEC-80789B82662F}"
EndProject
Project("{FAE04EC0-301F-11D3-BF4B-00C04F79EFBC}") = "CleanArch.Data", "CleanArch.Data\CleanArch.Data.csproj", "{5F1B19A3-B02A-435E-9772-EEB25C836647}"
EndProject
Global
	GlobalSection(SolutionConfigurationPlatforms) = preSolution
		Debug|Any CPU = Debug|Any CPU
		Release|Any CPU = Release|Any CPU
	EndGlobalSection
	GlobalSection(ProjectConfigurationPlatforms) = postSolution
		{C7685993-13A5-4947-A681-EEDCDBAB7DE5}.Debug|Any CPU.ActiveCfg = Debug|Any CPU
		{C7685993-13A5-4947-A681-EEDCDBAB7DE5}.Debug|Any CPU.Build.0 = Debug|Any CPU
		{C7685993-13A5-4947-A681-EEDCDBAB7DE5}.Release|Any CPU.ActiveCfg = Release|Any CPU
		{C7685993-13A5-4947-A681-EEDCDBAB7DE5}.Release|Any CPU.Build.0 = Release|Any CPU
		{FAED7F0B-4252-428A-8FEC-80789B82662F}.Debug|Any CPU.ActiveCfg = Debug|Any CPU
		{FAED7F0B-4252-428A-8FEC-80789B82662F}.Debug|Any CPU.Build.0 = Debug|Any CPU
		{FAED7F0B-4252-428A-8FEC-80789B82662F}.Release|Any CPU.ActiveCfg = Release|Any CPU
		{FAED7F0B-4252-428A-8FEC-80789B82662F}.Release|Any CPU.Build.0 = Release|Any CPU
		{5F1B19A3-B02A-435E-9772-EEB25C836647}.Debug|Any CPU.ActiveCfg = Debug|Any CPU
		{5F1B19A3-B02A-435E-9772-EEB25C836647}.Debug|Any CPU.Build.0 = Debug|Any CPU
		{5F1B19A3-B02A-435E-9772-EEB25C836647}.Release|Any CPU.ActiveCfg = Release|Any CPU
		{5F1B19A3-B02A-435E-9772-EEB25C836647}.Release|Any CPU.Build.0 = Release|Any CPU
	EndGlobalSection
	GlobalSection(SolutionProperties) = preSolution
		HideSolutionNode = FALSE
	EndGlobalSection
	GlobalSection(NestedProjects) = preSolution
		{C7685993-13A5-4947-A681-EEDCDBAB7DE5} = {9B6C5F62-314C-48F6-BBAE-C6C47EEA7815}
		{FAED7F0B-4252-428A-8FEC-80789B82662F} = {18A026D7-8F1C-4EC9-B720-37FE0EAE7F3D}
		{5F1B19A3-B02A-435E-9772-EEB25C836647} = {F9C53CBA-A234-4786-A75E-97972E7427AD}
	EndGlobalSection
	GlobalSection(ExtensibilityGlobals) = postSolution
		SolutionGuid = {31C3C54F-5A4F-4B9E-B0AF-63E47094D671}
	EndGlobalSection
EndGlobal
